<?xml version="1.0" encoding="UTF-8" standalone="yes" ?>
<CodeBlocks_project_file>
	<FileVersion major="1" minor="6" />
	<Project>
		<Option title="http" />
		<Option makefile_is_custom="1" />
		<Option pch_mode="2" />
		<Option compiler="gcc" />
		<Build>
			<Target title="Debug">
				<Option output=".bin/Debug/http" prefix_auto="1" extension_auto="1" />
				<Option object_output=".obj/Debug/" />
				<Option type="1" />
				<Option compiler="gcc" />
				<Compiler>
					<Add option="-g" />
					<Add option="-DDEBUG=1" />
				</Compiler>
			</Target>
			<Target title="Release">
				<Option output=".bin/Release/http" prefix_auto="1" extension_auto="1" />
				<Option object_output=".obj/Release/" />
				<Option type="1" />
				<Option compiler="gcc" />
				<Compiler>
					<Add option="-O2" />
					<Add option="-DNDEBUG=1" />
				</Compiler>
				<Linker>
					<Add option="-s" />
				</Linker>
			</Target>
		</Build>
		<Compiler>
			<Add option="-Wall" />
			<Add option="-std=c++17" />
			<Add directory="src/libhttp/include" />
		</Compiler>
		<Unit filename="src/include/config.h" />
		<Unit filename="src/include/internals.h" />
		<Unit filename="src/include/udjat/tools/http.h" />
		<Unit filename="src/libhttp/include/config.h" />
		<Unit filename="src/libhttp/include/http/defs.h" />
		<Unit filename="src/libhttp/include/http/table.h" />
		<Unit filename="src/libhttp/include/http/value.h" />
		<Unit filename="src/libhttp/include/internals.h" />
		<Unit filename="src/libhttp/os/linux/private.h" />
		<Unit filename="src/libhttp/os/windows/native_win32.h" />
		<Unit filename="src/library/client.cc" />
		<Unit filename="src/library/download.cc" />
		<Unit filename="src/library/exception.cc" />
		<Unit filename="src/library/os/linux/curl.cc" />
		<Unit filename="src/library/os/linux/get.cc" />
		<Unit filename="src/library/os/windows/base64.cc" />
		<Unit filename="src/library/os/windows/base64.h" />
		<Unit filename="src/library/os/windows/get.cc" />
		<Unit filename="src/library/os/windows/worker.cc" />
		<Unit filename="src/module/init.cc" />
		<Unit filename="src/os/windows/base64.h" />
		<Unit filename="src/testprogram/testprogram.cc" />
		<Unit filename="src/testprogram/windows/resources.rc" />
		<Extensions />
	</Project>
</CodeBlocks_project_file>
