<?xml version="1.0" encoding="UTF-8" standalone="yes" ?>
<CodeBlocks_project_file>
	<FileVersion major="1" minor="6" />
	<Project>
		<Option title="UDJAT HTTP Client" />
		<Option pch_mode="2" />
		<Option compiler="gcc" />
		<Build>
			<Target title="Debug">
				<Option output=".bin/Debug/udjat" prefix_auto="1" extension_auto="1" />
				<Option object_output=".obj/Debug/" />
				<Option type="1" />
				<Option compiler="gcc" />
				<Compiler>
					<Add option="-g" />
					<Add option="-DDEBUG=1" />
				</Compiler>
			</Target>
			<Target title="Release">
				<Option output=".bin/Release/UDJAT HTTP Client" prefix_auto="1" extension_auto="1" />
				<Option object_output=".obj/Release/" />
				<Option type="1" />
				<Option compiler="gcc" />
				<Compiler>
					<Add option="-O2" />
					<Add option="-DNDEBUG=1" />
				</Compiler>
				<Linker>
					<Add option="-s" />
				</Linker>
			</Target>
		</Build>
		<Compiler>
			<Add option="-Wall" />
			<Add option="-DPACKAGE_NAME=udjat" />
			<Add option="-DPACKAGE_VERSION=1.0" />
			<Add directory="../../include" />
		</Compiler>
		<Linker>
			<Add library="udjat.dll" />
			<Add library="winhttp" />
		</Linker>
		<Unit filename="../../client.cc" />
		<Unit filename="../../include/internals.h" />
		<Unit filename="../../include/udjat/tools/http.h" />
		<Unit filename="../../testprogram/testprogram.cc" />
		<Unit filename="worker.cc" />
		<Extensions />
	</Project>
</CodeBlocks_project_file>
